
Microsoft Visual Studio Solution File, Format Version 12.00
# Visual Studio Version 16
VisualStudioVersion = 16.0.31829.152
MinimumVisualStudioVersion = 10.0.40219.1
Project("{FAE04EC0-301F-11D3-BF4B-00C04F79EFBC}") = "FoodProject", "FoodProject\FoodProject.csproj", "{D2CEFA7D-BBA0-4C0D-9A5E-29EEC1771A3B}"
EndProject
Global
	GlobalSection(SolutionConfigurationPlatforms) = preSolution
		Debug|Any CPU = Debug|Any CPU
		Release|Any CPU = Release|Any CPU
	EndGlobalSection
	GlobalSection(ProjectConfigurationPlatforms) = postSolution
		{D2CEFA7D-BBA0-4C0D-9A5E-29EEC1771A3B}.Debug|Any CPU.ActiveCfg = Debug|Any CPU
		{D2CEFA7D-BBA0-4C0D-9A5E-29EEC1771A3B}.Debug|Any CPU.Build.0 = Debug|Any CPU
		{D2CEFA7D-BBA0-4C0D-9A5E-29EEC1771A3B}.Release|Any CPU.ActiveCfg = Release|Any CPU
		{D2CEFA7D-BBA0-4C0D-9A5E-29EEC1771A3B}.Release|Any CPU.Build.0 = Release|Any CPU
	EndGlobalSection
	GlobalSection(SolutionProperties) = preSolution
		HideSolutionNode = FALSE
	EndGlobalSection
	GlobalSection(ExtensibilityGlobals) = postSolution
		SolutionGuid = {7741BC76-814D-4CFD-83EB-751F60F849AE}
	EndGlobalSection
EndGlobal
